
Microsoft Visual Studio Solution File, Format Version 11.00
# Visual Studio 2010
Project("{FAE04EC0-301F-11D3-BF4B-00C04F79EFBC}") = "GameDefinitions", "GameDefinitions\GameDefinitions.csproj", "{6C6869F5-B118-4B53-93B1-FC1149BCBC76}"
EndProject
Project("{8BC9CEB8-8B4A-11D0-8D11-00A0C91BC942}") = "GPUPlanner", "MotionPlanner\ElasticPlanner\ElasticPlanner.vcxproj", "{A862B0C8-E8D1-4369-89EA-D9C855C99C66}"
EndProject
Project("{FAE04EC0-301F-11D3-BF4B-00C04F79EFBC}") = "MotionPlanner", "MotionPlanner\MotionPlanner\MotionPlanner.csproj", "{7448FB95-0E59-467B-8AD5-D2BE5139E622}"
	ProjectSection(ProjectDependencies) = postProject
		{A862B0C8-E8D1-4369-89EA-D9C855C99C66} = {A862B0C8-E8D1-4369-89EA-D9C855C99C66}
	EndProjectSection
EndProject
Project("{FAE04EC0-301F-11D3-BF4B-00C04F79EFBC}") = "GamePlanner", "GamePlanner\GamePlannerCore\GamePlanner.csproj", "{A3C4F8E8-F068-4D40-8B94-47DCBD6686EF}"
	ProjectSection(ProjectDependencies) = postProject
		{A862B0C8-E8D1-4369-89EA-D9C855C99C66} = {A862B0C8-E8D1-4369-89EA-D9C855C99C66}
	EndProjectSection
EndProject
Project("{FAE04EC0-301F-11D3-BF4B-00C04F79EFBC}") = "Simulator", "Simulator\Simulator.csproj", "{79FEF5F4-45AA-4D6A-B2DB-E6955D8814BA}"
EndProject
Project("{2150E333-8FDC-42A3-9474-1A3956D46DE8}") = "Third Party", "Third Party", "{8D1A55CD-6B4E-4958-BBD1-FA5B08FAE880}"
EndProject
Project("{2150E333-8FDC-42A3-9474-1A3956D46DE8}") = "64", "64", "{107DFB3C-A917-4890-8364-26895E97B48D}"
	ProjectSection(SolutionItems) = preProject
		Third Party\Assemblies\SlimDX\x64\SlimDX.dll = Third Party\Assemblies\SlimDX\x64\SlimDX.dll
	EndProjectSection
EndProject
Project("{2150E333-8FDC-42A3-9474-1A3956D46DE8}") = "32", "32", "{8AC268A1-6389-428B-B545-C5A98A82BB59}"
	ProjectSection(SolutionItems) = preProject
		Third Party\Assemblies\SlimDX\x86\SlimDX.dll = Third Party\Assemblies\SlimDX\x86\SlimDX.dll
	EndProjectSection
EndProject
Project("{2150E333-8FDC-42A3-9474-1A3956D46DE8}") = "Assemblies", "Assemblies", "{96AFB8C7-C5B6-4FD0-BC96-87BCD9A6AA58}"
	ProjectSection(SolutionItems) = preProject
		Third Party\Assemblies\AForge.dll = Third Party\Assemblies\AForge.dll
		Third Party\Assemblies\AForge.Imaging.dll = Third Party\Assemblies\AForge.Imaging.dll
		Third Party\Assemblies\AForge.Math.dll = Third Party\Assemblies\AForge.Math.dll
		Third Party\Assemblies\CUDA.NET.dll = Third Party\Assemblies\CUDA.NET.dll
		Third Party\Assemblies\Cudafy.dll = Third Party\Assemblies\Cudafy.dll
		Third Party\Assemblies\Cudafy.Host.dll = Third Party\Assemblies\Cudafy.Host.dll
		Third Party\Assemblies\Cudafy.Math.dll = Third Party\Assemblies\Cudafy.Math.dll
		Third Party\Assemblies\Cudafy.Translator.dll = Third Party\Assemblies\Cudafy.Translator.dll
		Third Party\Assemblies\DataGrid2DLibrary.dll = Third Party\Assemblies\DataGrid2DLibrary.dll
		Third Party\Assemblies\DShowNET.dll = Third Party\Assemblies\DShowNET.dll
		Third Party\Assemblies\DynamicDataDisplay.dll = Third Party\Assemblies\DynamicDataDisplay.dll
		Third Party\Assemblies\Enterprise.Wpf.dll = Third Party\Assemblies\Enterprise.Wpf.dll
		Third Party\Assemblies\GraphLib.dll = Third Party\Assemblies\GraphLib.dll
		Third Party\Assemblies\GraphSharp.Controls.dll = Third Party\Assemblies\GraphSharp.Controls.dll
		Third Party\Assemblies\GraphSharp.dll = Third Party\Assemblies\GraphSharp.dll
		Third Party\Assemblies\KDTree.dll = Third Party\Assemblies\KDTree.dll
		Third Party\Assemblies\Logger.dll = Third Party\Assemblies\Logger.dll
		Third Party\Assemblies\MathNet.Numerics.dll = Third Party\Assemblies\MathNet.Numerics.dll
		Third Party\Assemblies\Meta.Numerics.dll = Third Party\Assemblies\Meta.Numerics.dll
		Third Party\Assemblies\Microsoft.DirectX.DirectInput.dll = Third Party\Assemblies\Microsoft.DirectX.DirectInput.dll
		Third Party\Assemblies\Microsoft.DirectX.dll = Third Party\Assemblies\Microsoft.DirectX.dll
		Third Party\Assemblies\Microsoft.WindowsAPICodePack.DirectX.Controls.dll = Third Party\Assemblies\Microsoft.WindowsAPICodePack.DirectX.Controls.dll
		Third Party\Assemblies\MLApp.dll = Third Party\Assemblies\MLApp.dll
		Third Party\Assemblies\MWArray.dll = Third Party\Assemblies\MWArray.dll
		Third Party\Assemblies\NeuralNetDLL.dll = Third Party\Assemblies\NeuralNetDLL.dll
		Third Party\Assemblies\NxCharacter.dll = Third Party\Assemblies\NxCharacter.dll
		Third Party\Assemblies\NxCooking.dll = Third Party\Assemblies\NxCooking.dll
		Third Party\Assemblies\PhysXLoader.dll = Third Party\Assemblies\PhysXLoader.dll
		Third Party\Assemblies\protobuf-net.dll = Third Party\Assemblies\protobuf-net.dll
		Third Party\Assemblies\QuickGraph.dll = Third Party\Assemblies\QuickGraph.dll
		Third Party\Assemblies\StillDesign.PhysX.Net.dll = Third Party\Assemblies\StillDesign.PhysX.Net.dll
		Third Party\Assemblies\System.Observable.dll = Third Party\Assemblies\System.Observable.dll
		Third Party\Assemblies\System.Reactive.dll = Third Party\Assemblies\System.Reactive.dll
		Third Party\Assemblies\System.Windows.Forms.DataVisualization.Design.dll = Third Party\Assemblies\System.Windows.Forms.DataVisualization.Design.dll
		Third Party\Assemblies\System.Windows.Forms.DataVisualization.dll = Third Party\Assemblies\System.Windows.Forms.DataVisualization.dll
		Third Party\Assemblies\Telerik.Windows.Controls.dll = Third Party\Assemblies\Telerik.Windows.Controls.dll
		Third Party\Assemblies\Telerik.Windows.Controls.Navigation.dll = Third Party\Assemblies\Telerik.Windows.Controls.Navigation.dll
		Third Party\Assemblies\Telerik.Windows.Data.dll = Third Party\Assemblies\Telerik.Windows.Data.dll
		Third Party\Assemblies\WPFExtensions.dll = Third Party\Assemblies\WPFExtensions.dll
		Third Party\Assemblies\WPFToolkit.Extended.dll = Third Party\Assemblies\WPFToolkit.Extended.dll
	EndProjectSection
EndProject
Project("{2150E333-8FDC-42A3-9474-1A3956D46DE8}") = "Planning", "Planning", "{4E7DDB09-7F2F-4153-BC30-ECA6A3E6039A}"
EndProject
Project("{FAE04EC0-301F-11D3-BF4B-00C04F79EFBC}") = "GPUDirect", "GPUDirect\GPUDirect.csproj", "{0FF8E98C-5502-444D-B853-61D2036F2C49}"
	ProjectSection(ProjectDependencies) = postProject
		{A862B0C8-E8D1-4369-89EA-D9C855C99C66} = {A862B0C8-E8D1-4369-89EA-D9C855C99C66}
	EndProjectSection
EndProject
Project("{FAE04EC0-301F-11D3-BF4B-00C04F79EFBC}") = "Visualizer", "Visualizer\Visualizer.csproj", "{7DE7CF56-668C-4BC8-B3E9-806AFF137CEF}"
EndProject
Project("{2150E333-8FDC-42A3-9474-1A3956D46DE8}") = "SlimDX", "SlimDX", "{70328C07-DA4E-425A-8093-0E0476F91AC8}"
EndProject
Project("{FAE04EC0-301F-11D3-BF4B-00C04F79EFBC}") = "AIConsole", "AIConsole\AIConsole.csproj", "{34F49838-A923-42A6-80D7-486F2AD31652}"
EndProject
Project("{FAE04EC0-301F-11D3-BF4B-00C04F79EFBC}") = "CommonCLasses", "CommonCLasses\CommonCLasses.csproj", "{AC0BFBED-A264-4980-9E61-E2254DF142C6}"
EndProject
Project("{FAE04EC0-301F-11D3-BF4B-00C04F79EFBC}") = "CommonControls", "CommonControls\CommonControls.csproj", "{6B590691-31C0-4367-8CDD-68002C47DF10}"
EndProject
Global
	GlobalSection(SolutionConfigurationPlatforms) = preSolution
		Debug|Any CPU = Debug|Any CPU
		Debug|Mixed Platforms = Debug|Mixed Platforms
		Debug|Win32 = Debug|Win32
		Debug|x86 = Debug|x86
		MinSizeRel|Any CPU = MinSizeRel|Any CPU
		MinSizeRel|Mixed Platforms = MinSizeRel|Mixed Platforms
		MinSizeRel|Win32 = MinSizeRel|Win32
		MinSizeRel|x86 = MinSizeRel|x86
		Release|Any CPU = Release|Any CPU
		Release|Mixed Platforms = Release|Mixed Platforms
		Release|Win32 = Release|Win32
		Release|x86 = Release|x86
		RelWithDebInfo|Any CPU = RelWithDebInfo|Any CPU
		RelWithDebInfo|Mixed Platforms = RelWithDebInfo|Mixed Platforms
		RelWithDebInfo|Win32 = RelWithDebInfo|Win32
		RelWithDebInfo|x86 = RelWithDebInfo|x86
	EndGlobalSection
	GlobalSection(ProjectConfigurationPlatforms) = postSolution
		{6C6869F5-B118-4B53-93B1-FC1149BCBC76}.Debug|Any CPU.ActiveCfg = Debug|Any CPU
		{6C6869F5-B118-4B53-93B1-FC1149BCBC76}.Debug|Any CPU.Build.0 = Debug|Any CPU
		{6C6869F5-B118-4B53-93B1-FC1149BCBC76}.Debug|Mixed Platforms.ActiveCfg = Debug|Any CPU
		{6C6869F5-B118-4B53-93B1-FC1149BCBC76}.Debug|Mixed Platforms.Build.0 = Debug|Any CPU
		{6C6869F5-B118-4B53-93B1-FC1149BCBC76}.Debug|Win32.ActiveCfg = Debug|Any CPU
		{6C6869F5-B118-4B53-93B1-FC1149BCBC76}.Debug|x86.ActiveCfg = Debug|Any CPU
		{6C6869F5-B118-4B53-93B1-FC1149BCBC76}.Debug|x86.Build.0 = Debug|Any CPU
		{6C6869F5-B118-4B53-93B1-FC1149BCBC76}.MinSizeRel|Any CPU.ActiveCfg = Release|Any CPU
		{6C6869F5-B118-4B53-93B1-FC1149BCBC76}.MinSizeRel|Any CPU.Build.0 = Release|Any CPU
		{6C6869F5-B118-4B53-93B1-FC1149BCBC76}.MinSizeRel|Mixed Platforms.ActiveCfg = Release|Any CPU
		{6C6869F5-B118-4B53-93B1-FC1149BCBC76}.MinSizeRel|Mixed Platforms.Build.0 = Release|Any CPU
		{6C6869F5-B118-4B53-93B1-FC1149BCBC76}.MinSizeRel|Win32.ActiveCfg = Release|Any CPU
		{6C6869F5-B118-4B53-93B1-FC1149BCBC76}.MinSizeRel|x86.ActiveCfg = Release|Any CPU
		{6C6869F5-B118-4B53-93B1-FC1149BCBC76}.Release|Any CPU.ActiveCfg = Release|Any CPU
		{6C6869F5-B118-4B53-93B1-FC1149BCBC76}.Release|Any CPU.Build.0 = Release|Any CPU
		{6C6869F5-B118-4B53-93B1-FC1149BCBC76}.Release|Mixed Platforms.ActiveCfg = Release|Any CPU
		{6C6869F5-B118-4B53-93B1-FC1149BCBC76}.Release|Mixed Platforms.Build.0 = Release|Any CPU
		{6C6869F5-B118-4B53-93B1-FC1149BCBC76}.Release|Win32.ActiveCfg = Release|Any CPU
		{6C6869F5-B118-4B53-93B1-FC1149BCBC76}.Release|x86.ActiveCfg = Release|Any CPU
		{6C6869F5-B118-4B53-93B1-FC1149BCBC76}.RelWithDebInfo|Any CPU.ActiveCfg = Release|Any CPU
		{6C6869F5-B118-4B53-93B1-FC1149BCBC76}.RelWithDebInfo|Any CPU.Build.0 = Release|Any CPU
		{6C6869F5-B118-4B53-93B1-FC1149BCBC76}.RelWithDebInfo|Mixed Platforms.ActiveCfg = Release|Any CPU
		{6C6869F5-B118-4B53-93B1-FC1149BCBC76}.RelWithDebInfo|Mixed Platforms.Build.0 = Release|Any CPU
		{6C6869F5-B118-4B53-93B1-FC1149BCBC76}.RelWithDebInfo|Win32.ActiveCfg = Release|Any CPU
		{6C6869F5-B118-4B53-93B1-FC1149BCBC76}.RelWithDebInfo|x86.ActiveCfg = Release|Any CPU
		{A862B0C8-E8D1-4369-89EA-D9C855C99C66}.Debug|Any CPU.ActiveCfg = Release|Win32
		{A862B0C8-E8D1-4369-89EA-D9C855C99C66}.Debug|Any CPU.Build.0 = Release|Win32
		{A862B0C8-E8D1-4369-89EA-D9C855C99C66}.Debug|Mixed Platforms.ActiveCfg = Release|Win32
		{A862B0C8-E8D1-4369-89EA-D9C855C99C66}.Debug|Mixed Platforms.Build.0 = Release|Win32
		{A862B0C8-E8D1-4369-89EA-D9C855C99C66}.Debug|Win32.ActiveCfg = Debug|Win32
		{A862B0C8-E8D1-4369-89EA-D9C855C99C66}.Debug|Win32.Build.0 = Debug|Win32
		{A862B0C8-E8D1-4369-89EA-D9C855C99C66}.Debug|x86.ActiveCfg = Release|Win32
		{A862B0C8-E8D1-4369-89EA-D9C855C99C66}.Debug|x86.Build.0 = Release|Win32
		{A862B0C8-E8D1-4369-89EA-D9C855C99C66}.MinSizeRel|Any CPU.ActiveCfg = Release|Win32
		{A862B0C8-E8D1-4369-89EA-D9C855C99C66}.MinSizeRel|Mixed Platforms.ActiveCfg = Release|Win32
		{A862B0C8-E8D1-4369-89EA-D9C855C99C66}.MinSizeRel|Mixed Platforms.Build.0 = Release|Win32
		{A862B0C8-E8D1-4369-89EA-D9C855C99C66}.MinSizeRel|Win32.ActiveCfg = Release|Win32
		{A862B0C8-E8D1-4369-89EA-D9C855C99C66}.MinSizeRel|Win32.Build.0 = Release|Win32
		{A862B0C8-E8D1-4369-89EA-D9C855C99C66}.MinSizeRel|x86.ActiveCfg = Release|Win32
		{A862B0C8-E8D1-4369-89EA-D9C855C99C66}.Release|Any CPU.ActiveCfg = Release|Win32
		{A862B0C8-E8D1-4369-89EA-D9C855C99C66}.Release|Mixed Platforms.ActiveCfg = Release|Win32
		{A862B0C8-E8D1-4369-89EA-D9C855C99C66}.Release|Mixed Platforms.Build.0 = Release|Win32
		{A862B0C8-E8D1-4369-89EA-D9C855C99C66}.Release|Win32.ActiveCfg = Release|Win32
		{A862B0C8-E8D1-4369-89EA-D9C855C99C66}.Release|Win32.Build.0 = Release|Win32
		{A862B0C8-E8D1-4369-89EA-D9C855C99C66}.Release|x86.ActiveCfg = Release|Win32
		{A862B0C8-E8D1-4369-89EA-D9C855C99C66}.RelWithDebInfo|Any CPU.ActiveCfg = Release|Win32
		{A862B0C8-E8D1-4369-89EA-D9C855C99C66}.RelWithDebInfo|Mixed Platforms.ActiveCfg = Release|Win32
		{A862B0C8-E8D1-4369-89EA-D9C855C99C66}.RelWithDebInfo|Mixed Platforms.Build.0 = Release|Win32
		{A862B0C8-E8D1-4369-89EA-D9C855C99C66}.RelWithDebInfo|Win32.ActiveCfg = Release|Win32
		{A862B0C8-E8D1-4369-89EA-D9C855C99C66}.RelWithDebInfo|Win32.Build.0 = Release|Win32
		{A862B0C8-E8D1-4369-89EA-D9C855C99C66}.RelWithDebInfo|x86.ActiveCfg = Release|Win32
		{7448FB95-0E59-467B-8AD5-D2BE5139E622}.Debug|Any CPU.ActiveCfg = Debug|Any CPU
		{7448FB95-0E59-467B-8AD5-D2BE5139E622}.Debug|Any CPU.Build.0 = Debug|Any CPU
		{7448FB95-0E59-467B-8AD5-D2BE5139E622}.Debug|Mixed Platforms.ActiveCfg = Debug|Any CPU
		{7448FB95-0E59-467B-8AD5-D2BE5139E622}.Debug|Mixed Platforms.Build.0 = Debug|Any CPU
		{7448FB95-0E59-467B-8AD5-D2BE5139E622}.Debug|Win32.ActiveCfg = Debug|Any CPU
		{7448FB95-0E59-467B-8AD5-D2BE5139E622}.Debug|x86.ActiveCfg = Debug|x86
		{7448FB95-0E59-467B-8AD5-D2BE5139E622}.Debug|x86.Build.0 = Debug|x86
		{7448FB95-0E59-467B-8AD5-D2BE5139E622}.MinSizeRel|Any CPU.ActiveCfg = Release|Any CPU
		{7448FB95-0E59-467B-8AD5-D2BE5139E622}.MinSizeRel|Any CPU.Build.0 = Release|Any CPU
		{7448FB95-0E59-467B-8AD5-D2BE5139E622}.MinSizeRel|Mixed Platforms.ActiveCfg = Release|Any CPU
		{7448FB95-0E59-467B-8AD5-D2BE5139E622}.MinSizeRel|Mixed Platforms.Build.0 = Release|Any CPU
		{7448FB95-0E59-467B-8AD5-D2BE5139E622}.MinSizeRel|Win32.ActiveCfg = Release|Any CPU
		{7448FB95-0E59-467B-8AD5-D2BE5139E622}.MinSizeRel|x86.ActiveCfg = Release|Any CPU
		{7448FB95-0E59-467B-8AD5-D2BE5139E622}.Release|Any CPU.ActiveCfg = Release|Any CPU
		{7448FB95-0E59-467B-8AD5-D2BE5139E622}.Release|Any CPU.Build.0 = Release|Any CPU
		{7448FB95-0E59-467B-8AD5-D2BE5139E622}.Release|Mixed Platforms.ActiveCfg = Release|Any CPU
		{7448FB95-0E59-467B-8AD5-D2BE5139E622}.Release|Mixed Platforms.Build.0 = Release|Any CPU
		{7448FB95-0E59-467B-8AD5-D2BE5139E622}.Release|Win32.ActiveCfg = Release|Any CPU
		{7448FB95-0E59-467B-8AD5-D2BE5139E622}.Release|x86.ActiveCfg = Release|Any CPU
		{7448FB95-0E59-467B-8AD5-D2BE5139E622}.RelWithDebInfo|Any CPU.ActiveCfg = Release|Any CPU
		{7448FB95-0E59-467B-8AD5-D2BE5139E622}.RelWithDebInfo|Any CPU.Build.0 = Release|Any CPU
		{7448FB95-0E59-467B-8AD5-D2BE5139E622}.RelWithDebInfo|Mixed Platforms.ActiveCfg = Release|Any CPU
		{7448FB95-0E59-467B-8AD5-D2BE5139E622}.RelWithDebInfo|Mixed Platforms.Build.0 = Release|Any CPU
		{7448FB95-0E59-467B-8AD5-D2BE5139E622}.RelWithDebInfo|Win32.ActiveCfg = Release|Any CPU
		{7448FB95-0E59-467B-8AD5-D2BE5139E622}.RelWithDebInfo|x86.ActiveCfg = Release|Any CPU
		{A3C4F8E8-F068-4D40-8B94-47DCBD6686EF}.Debug|Any CPU.ActiveCfg = Debug|Any CPU
		{A3C4F8E8-F068-4D40-8B94-47DCBD6686EF}.Debug|Any CPU.Build.0 = Debug|Any CPU
		{A3C4F8E8-F068-4D40-8B94-47DCBD6686EF}.Debug|Mixed Platforms.ActiveCfg = Debug|Any CPU
		{A3C4F8E8-F068-4D40-8B94-47DCBD6686EF}.Debug|Mixed Platforms.Build.0 = Debug|Any CPU
		{A3C4F8E8-F068-4D40-8B94-47DCBD6686EF}.Debug|Win32.ActiveCfg = Debug|Any CPU
		{A3C4F8E8-F068-4D40-8B94-47DCBD6686EF}.Debug|x86.ActiveCfg = Debug|x86
		{A3C4F8E8-F068-4D40-8B94-47DCBD6686EF}.Debug|x86.Build.0 = Debug|x86
		{A3C4F8E8-F068-4D40-8B94-47DCBD6686EF}.MinSizeRel|Any CPU.ActiveCfg = Release|Any CPU
		{A3C4F8E8-F068-4D40-8B94-47DCBD6686EF}.MinSizeRel|Any CPU.Build.0 = Release|Any CPU
		{A3C4F8E8-F068-4D40-8B94-47DCBD6686EF}.MinSizeRel|Mixed Platforms.ActiveCfg = Release|Any CPU
		{A3C4F8E8-F068-4D40-8B94-47DCBD6686EF}.MinSizeRel|Mixed Platforms.Build.0 = Release|Any CPU
		{A3C4F8E8-F068-4D40-8B94-47DCBD6686EF}.MinSizeRel|Win32.ActiveCfg = Release|Any CPU
		{A3C4F8E8-F068-4D40-8B94-47DCBD6686EF}.MinSizeRel|x86.ActiveCfg = Release|Any CPU
		{A3C4F8E8-F068-4D40-8B94-47DCBD6686EF}.Release|Any CPU.ActiveCfg = Release|Any CPU
		{A3C4F8E8-F068-4D40-8B94-47DCBD6686EF}.Release|Any CPU.Build.0 = Release|Any CPU
		{A3C4F8E8-F068-4D40-8B94-47DCBD6686EF}.Release|Mixed Platforms.ActiveCfg = Release|Any CPU
		{A3C4F8E8-F068-4D40-8B94-47DCBD6686EF}.Release|Mixed Platforms.Build.0 = Release|Any CPU
		{A3C4F8E8-F068-4D40-8B94-47DCBD6686EF}.Release|Win32.ActiveCfg = Release|Any CPU
		{A3C4F8E8-F068-4D40-8B94-47DCBD6686EF}.Release|x86.ActiveCfg = Release|Any CPU
		{A3C4F8E8-F068-4D40-8B94-47DCBD6686EF}.RelWithDebInfo|Any CPU.ActiveCfg = Release|Any CPU
		{A3C4F8E8-F068-4D40-8B94-47DCBD6686EF}.RelWithDebInfo|Any CPU.Build.0 = Release|Any CPU
		{A3C4F8E8-F068-4D40-8B94-47DCBD6686EF}.RelWithDebInfo|Mixed Platforms.ActiveCfg = Release|Any CPU
		{A3C4F8E8-F068-4D40-8B94-47DCBD6686EF}.RelWithDebInfo|Mixed Platforms.Build.0 = Release|Any CPU
		{A3C4F8E8-F068-4D40-8B94-47DCBD6686EF}.RelWithDebInfo|Win32.ActiveCfg = Release|Any CPU
		{A3C4F8E8-F068-4D40-8B94-47DCBD6686EF}.RelWithDebInfo|x86.ActiveCfg = Release|Any CPU
		{79FEF5F4-45AA-4D6A-B2DB-E6955D8814BA}.Debug|Any CPU.ActiveCfg = Debug|Any CPU
		{79FEF5F4-45AA-4D6A-B2DB-E6955D8814BA}.Debug|Any CPU.Build.0 = Debug|Any CPU
		{79FEF5F4-45AA-4D6A-B2DB-E6955D8814BA}.Debug|Mixed Platforms.ActiveCfg = Debug|Any CPU
		{79FEF5F4-45AA-4D6A-B2DB-E6955D8814BA}.Debug|Mixed Platforms.Build.0 = Debug|Any CPU
		{79FEF5F4-45AA-4D6A-B2DB-E6955D8814BA}.Debug|Win32.ActiveCfg = Debug|Any CPU
		{79FEF5F4-45AA-4D6A-B2DB-E6955D8814BA}.Debug|x86.ActiveCfg = Debug|Any CPU
		{79FEF5F4-45AA-4D6A-B2DB-E6955D8814BA}.Debug|x86.Build.0 = Debug|Any CPU
		{79FEF5F4-45AA-4D6A-B2DB-E6955D8814BA}.MinSizeRel|Any CPU.ActiveCfg = Release|Any CPU
		{79FEF5F4-45AA-4D6A-B2DB-E6955D8814BA}.MinSizeRel|Any CPU.Build.0 = Release|Any CPU
		{79FEF5F4-45AA-4D6A-B2DB-E6955D8814BA}.MinSizeRel|Mixed Platforms.ActiveCfg = Release|Any CPU
		{79FEF5F4-45AA-4D6A-B2DB-E6955D8814BA}.MinSizeRel|Mixed Platforms.Build.0 = Release|Any CPU
		{79FEF5F4-45AA-4D6A-B2DB-E6955D8814BA}.MinSizeRel|Win32.ActiveCfg = Release|Any CPU
		{79FEF5F4-45AA-4D6A-B2DB-E6955D8814BA}.MinSizeRel|x86.ActiveCfg = Release|Any CPU
		{79FEF5F4-45AA-4D6A-B2DB-E6955D8814BA}.Release|Any CPU.ActiveCfg = Release|Any CPU
		{79FEF5F4-45AA-4D6A-B2DB-E6955D8814BA}.Release|Any CPU.Build.0 = Release|Any CPU
		{79FEF5F4-45AA-4D6A-B2DB-E6955D8814BA}.Release|Mixed Platforms.ActiveCfg = Release|Any CPU
		{79FEF5F4-45AA-4D6A-B2DB-E6955D8814BA}.Release|Mixed Platforms.Build.0 = Release|Any CPU
		{79FEF5F4-45AA-4D6A-B2DB-E6955D8814BA}.Release|Win32.ActiveCfg = Release|Any CPU
		{79FEF5F4-45AA-4D6A-B2DB-E6955D8814BA}.Release|x86.ActiveCfg = Release|Any CPU
		{79FEF5F4-45AA-4D6A-B2DB-E6955D8814BA}.RelWithDebInfo|Any CPU.ActiveCfg = Release|Any CPU
		{79FEF5F4-45AA-4D6A-B2DB-E6955D8814BA}.RelWithDebInfo|Any CPU.Build.0 = Release|Any CPU
		{79FEF5F4-45AA-4D6A-B2DB-E6955D8814BA}.RelWithDebInfo|Mixed Platforms.ActiveCfg = Release|Any CPU
		{79FEF5F4-45AA-4D6A-B2DB-E6955D8814BA}.RelWithDebInfo|Mixed Platforms.Build.0 = Release|Any CPU
		{79FEF5F4-45AA-4D6A-B2DB-E6955D8814BA}.RelWithDebInfo|Win32.ActiveCfg = Release|Any CPU
		{79FEF5F4-45AA-4D6A-B2DB-E6955D8814BA}.RelWithDebInfo|x86.ActiveCfg = Release|Any CPU
		{0FF8E98C-5502-444D-B853-61D2036F2C49}.Debug|Any CPU.ActiveCfg = Debug|Any CPU
		{0FF8E98C-5502-444D-B853-61D2036F2C49}.Debug|Any CPU.Build.0 = Debug|Any CPU
		{0FF8E98C-5502-444D-B853-61D2036F2C49}.Debug|Mixed Platforms.ActiveCfg = Debug|x86
		{0FF8E98C-5502-444D-B853-61D2036F2C49}.Debug|Mixed Platforms.Build.0 = Debug|x86
		{0FF8E98C-5502-444D-B853-61D2036F2C49}.Debug|Win32.ActiveCfg = Debug|Any CPU
		{0FF8E98C-5502-444D-B853-61D2036F2C49}.Debug|x86.ActiveCfg = Debug|x86
		{0FF8E98C-5502-444D-B853-61D2036F2C49}.Debug|x86.Build.0 = Debug|x86
		{0FF8E98C-5502-444D-B853-61D2036F2C49}.MinSizeRel|Any CPU.ActiveCfg = Release|x86
		{0FF8E98C-5502-444D-B853-61D2036F2C49}.MinSizeRel|Mixed Platforms.ActiveCfg = Release|x86
		{0FF8E98C-5502-444D-B853-61D2036F2C49}.MinSizeRel|Mixed Platforms.Build.0 = Release|x86
		{0FF8E98C-5502-444D-B853-61D2036F2C49}.MinSizeRel|Win32.ActiveCfg = Release|x86
		{0FF8E98C-5502-444D-B853-61D2036F2C49}.MinSizeRel|x86.ActiveCfg = Release|x86
		{0FF8E98C-5502-444D-B853-61D2036F2C49}.MinSizeRel|x86.Build.0 = Release|x86
		{0FF8E98C-5502-444D-B853-61D2036F2C49}.Release|Any CPU.ActiveCfg = Release|Any CPU
		{0FF8E98C-5502-444D-B853-61D2036F2C49}.Release|Any CPU.Build.0 = Release|Any CPU
		{0FF8E98C-5502-444D-B853-61D2036F2C49}.Release|Mixed Platforms.ActiveCfg = Release|Any CPU
		{0FF8E98C-5502-444D-B853-61D2036F2C49}.Release|Mixed Platforms.Build.0 = Release|Any CPU
		{0FF8E98C-5502-444D-B853-61D2036F2C49}.Release|Win32.ActiveCfg = Release|Any CPU
		{0FF8E98C-5502-444D-B853-61D2036F2C49}.Release|x86.ActiveCfg = Release|Any CPU
		{0FF8E98C-5502-444D-B853-61D2036F2C49}.RelWithDebInfo|Any CPU.ActiveCfg = Release|x86
		{0FF8E98C-5502-444D-B853-61D2036F2C49}.RelWithDebInfo|Mixed Platforms.ActiveCfg = Release|x86
		{0FF8E98C-5502-444D-B853-61D2036F2C49}.RelWithDebInfo|Mixed Platforms.Build.0 = Release|x86
		{0FF8E98C-5502-444D-B853-61D2036F2C49}.RelWithDebInfo|Win32.ActiveCfg = Release|x86
		{0FF8E98C-5502-444D-B853-61D2036F2C49}.RelWithDebInfo|x86.ActiveCfg = Release|x86
		{0FF8E98C-5502-444D-B853-61D2036F2C49}.RelWithDebInfo|x86.Build.0 = Release|x86
		{7DE7CF56-668C-4BC8-B3E9-806AFF137CEF}.Debug|Any CPU.ActiveCfg = Debug|x86
		{7DE7CF56-668C-4BC8-B3E9-806AFF137CEF}.Debug|Any CPU.Build.0 = Debug|x86
		{7DE7CF56-668C-4BC8-B3E9-806AFF137CEF}.Debug|Mixed Platforms.ActiveCfg = Debug|Any CPU
		{7DE7CF56-668C-4BC8-B3E9-806AFF137CEF}.Debug|Mixed Platforms.Build.0 = Debug|Any CPU
		{7DE7CF56-668C-4BC8-B3E9-806AFF137CEF}.Debug|Win32.ActiveCfg = Debug|Any CPU
		{7DE7CF56-668C-4BC8-B3E9-806AFF137CEF}.Debug|x86.ActiveCfg = Debug|Any CPU
		{7DE7CF56-668C-4BC8-B3E9-806AFF137CEF}.Debug|x86.Build.0 = Debug|Any CPU
		{7DE7CF56-668C-4BC8-B3E9-806AFF137CEF}.MinSizeRel|Any CPU.ActiveCfg = Release|Any CPU
		{7DE7CF56-668C-4BC8-B3E9-806AFF137CEF}.MinSizeRel|Any CPU.Build.0 = Release|Any CPU
		{7DE7CF56-668C-4BC8-B3E9-806AFF137CEF}.MinSizeRel|Mixed Platforms.ActiveCfg = Release|Any CPU
		{7DE7CF56-668C-4BC8-B3E9-806AFF137CEF}.MinSizeRel|Mixed Platforms.Build.0 = Release|Any CPU
		{7DE7CF56-668C-4BC8-B3E9-806AFF137CEF}.MinSizeRel|Win32.ActiveCfg = Release|Any CPU
		{7DE7CF56-668C-4BC8-B3E9-806AFF137CEF}.MinSizeRel|x86.ActiveCfg = Release|Any CPU
		{7DE7CF56-668C-4BC8-B3E9-806AFF137CEF}.Release|Any CPU.ActiveCfg = Release|Any CPU
		{7DE7CF56-668C-4BC8-B3E9-806AFF137CEF}.Release|Any CPU.Build.0 = Release|Any CPU
		{7DE7CF56-668C-4BC8-B3E9-806AFF137CEF}.Release|Mixed Platforms.ActiveCfg = Release|Any CPU
		{7DE7CF56-668C-4BC8-B3E9-806AFF137CEF}.Release|Mixed Platforms.Build.0 = Release|Any CPU
		{7DE7CF56-668C-4BC8-B3E9-806AFF137CEF}.Release|Win32.ActiveCfg = Release|Any CPU
		{7DE7CF56-668C-4BC8-B3E9-806AFF137CEF}.Release|x86.ActiveCfg = Release|x86
		{7DE7CF56-668C-4BC8-B3E9-806AFF137CEF}.Release|x86.Build.0 = Release|x86
		{7DE7CF56-668C-4BC8-B3E9-806AFF137CEF}.RelWithDebInfo|Any CPU.ActiveCfg = Release|Any CPU
		{7DE7CF56-668C-4BC8-B3E9-806AFF137CEF}.RelWithDebInfo|Any CPU.Build.0 = Release|Any CPU
		{7DE7CF56-668C-4BC8-B3E9-806AFF137CEF}.RelWithDebInfo|Mixed Platforms.ActiveCfg = Release|Any CPU
		{7DE7CF56-668C-4BC8-B3E9-806AFF137CEF}.RelWithDebInfo|Mixed Platforms.Build.0 = Release|Any CPU
		{7DE7CF56-668C-4BC8-B3E9-806AFF137CEF}.RelWithDebInfo|Win32.ActiveCfg = Release|Any CPU
		{7DE7CF56-668C-4BC8-B3E9-806AFF137CEF}.RelWithDebInfo|x86.ActiveCfg = Release|Any CPU
		{34F49838-A923-42A6-80D7-486F2AD31652}.Debug|Any CPU.ActiveCfg = Debug|x86
		{34F49838-A923-42A6-80D7-486F2AD31652}.Debug|Any CPU.Build.0 = Debug|x86
		{34F49838-A923-42A6-80D7-486F2AD31652}.Debug|Mixed Platforms.ActiveCfg = Debug|x86
		{34F49838-A923-42A6-80D7-486F2AD31652}.Debug|Mixed Platforms.Build.0 = Debug|x86
		{34F49838-A923-42A6-80D7-486F2AD31652}.Debug|Win32.ActiveCfg = Debug|Any CPU
		{34F49838-A923-42A6-80D7-486F2AD31652}.Debug|x86.ActiveCfg = Debug|x86
		{34F49838-A923-42A6-80D7-486F2AD31652}.Debug|x86.Build.0 = Debug|x86
		{34F49838-A923-42A6-80D7-486F2AD31652}.MinSizeRel|Any CPU.ActiveCfg = Release|Any CPU
		{34F49838-A923-42A6-80D7-486F2AD31652}.MinSizeRel|Any CPU.Build.0 = Release|Any CPU
		{34F49838-A923-42A6-80D7-486F2AD31652}.MinSizeRel|Mixed Platforms.ActiveCfg = Release|Any CPU
		{34F49838-A923-42A6-80D7-486F2AD31652}.MinSizeRel|Mixed Platforms.Build.0 = Release|Any CPU
		{34F49838-A923-42A6-80D7-486F2AD31652}.MinSizeRel|Win32.ActiveCfg = Release|Any CPU
		{34F49838-A923-42A6-80D7-486F2AD31652}.MinSizeRel|x86.ActiveCfg = Release|Any CPU
		{34F49838-A923-42A6-80D7-486F2AD31652}.Release|Any CPU.ActiveCfg = Release|Any CPU
		{34F49838-A923-42A6-80D7-486F2AD31652}.Release|Any CPU.Build.0 = Release|Any CPU
		{34F49838-A923-42A6-80D7-486F2AD31652}.Release|Mixed Platforms.ActiveCfg = Release|Any CPU
		{34F49838-A923-42A6-80D7-486F2AD31652}.Release|Mixed Platforms.Build.0 = Release|Any CPU
		{34F49838-A923-42A6-80D7-486F2AD31652}.Release|Win32.ActiveCfg = Release|Any CPU
		{34F49838-A923-42A6-80D7-486F2AD31652}.Release|x86.ActiveCfg = Release|x86
		{34F49838-A923-42A6-80D7-486F2AD31652}.Release|x86.Build.0 = Release|x86
		{34F49838-A923-42A6-80D7-486F2AD31652}.RelWithDebInfo|Any CPU.ActiveCfg = Release|Any CPU
		{34F49838-A923-42A6-80D7-486F2AD31652}.RelWithDebInfo|Any CPU.Build.0 = Release|Any CPU
		{34F49838-A923-42A6-80D7-486F2AD31652}.RelWithDebInfo|Mixed Platforms.ActiveCfg = Release|Any CPU
		{34F49838-A923-42A6-80D7-486F2AD31652}.RelWithDebInfo|Mixed Platforms.Build.0 = Release|Any CPU
		{34F49838-A923-42A6-80D7-486F2AD31652}.RelWithDebInfo|Win32.ActiveCfg = Release|Any CPU
		{34F49838-A923-42A6-80D7-486F2AD31652}.RelWithDebInfo|x86.ActiveCfg = Release|Any CPU
		{AC0BFBED-A264-4980-9E61-E2254DF142C6}.Debug|Any CPU.ActiveCfg = Debug|Any CPU
		{AC0BFBED-A264-4980-9E61-E2254DF142C6}.Debug|Any CPU.Build.0 = Debug|Any CPU
		{AC0BFBED-A264-4980-9E61-E2254DF142C6}.Debug|Mixed Platforms.ActiveCfg = Debug|Any CPU
		{AC0BFBED-A264-4980-9E61-E2254DF142C6}.Debug|Mixed Platforms.Build.0 = Debug|Any CPU
		{AC0BFBED-A264-4980-9E61-E2254DF142C6}.Debug|Win32.ActiveCfg = Debug|Any CPU
		{AC0BFBED-A264-4980-9E61-E2254DF142C6}.Debug|x86.ActiveCfg = Debug|Any CPU
		{AC0BFBED-A264-4980-9E61-E2254DF142C6}.Debug|x86.Build.0 = Debug|Any CPU
		{AC0BFBED-A264-4980-9E61-E2254DF142C6}.MinSizeRel|Any CPU.ActiveCfg = Release|Any CPU
		{AC0BFBED-A264-4980-9E61-E2254DF142C6}.MinSizeRel|Any CPU.Build.0 = Release|Any CPU
		{AC0BFBED-A264-4980-9E61-E2254DF142C6}.MinSizeRel|Mixed Platforms.ActiveCfg = Release|Any CPU
		{AC0BFBED-A264-4980-9E61-E2254DF142C6}.MinSizeRel|Mixed Platforms.Build.0 = Release|Any CPU
		{AC0BFBED-A264-4980-9E61-E2254DF142C6}.MinSizeRel|Win32.ActiveCfg = Release|Any CPU
		{AC0BFBED-A264-4980-9E61-E2254DF142C6}.MinSizeRel|x86.ActiveCfg = Release|Any CPU
		{AC0BFBED-A264-4980-9E61-E2254DF142C6}.Release|Any CPU.ActiveCfg = Release|Any CPU
		{AC0BFBED-A264-4980-9E61-E2254DF142C6}.Release|Any CPU.Build.0 = Release|Any CPU
		{AC0BFBED-A264-4980-9E61-E2254DF142C6}.Release|Mixed Platforms.ActiveCfg = Release|Any CPU
		{AC0BFBED-A264-4980-9E61-E2254DF142C6}.Release|Mixed Platforms.Build.0 = Release|Any CPU
		{AC0BFBED-A264-4980-9E61-E2254DF142C6}.Release|Win32.ActiveCfg = Release|Any CPU
		{AC0BFBED-A264-4980-9E61-E2254DF142C6}.Release|x86.ActiveCfg = Release|Any CPU
		{AC0BFBED-A264-4980-9E61-E2254DF142C6}.RelWithDebInfo|Any CPU.ActiveCfg = Release|Any CPU
		{AC0BFBED-A264-4980-9E61-E2254DF142C6}.RelWithDebInfo|Any CPU.Build.0 = Release|Any CPU
		{AC0BFBED-A264-4980-9E61-E2254DF142C6}.RelWithDebInfo|Mixed Platforms.ActiveCfg = Release|Any CPU
		{AC0BFBED-A264-4980-9E61-E2254DF142C6}.RelWithDebInfo|Mixed Platforms.Build.0 = Release|Any CPU
		{AC0BFBED-A264-4980-9E61-E2254DF142C6}.RelWithDebInfo|Win32.ActiveCfg = Release|Any CPU
		{AC0BFBED-A264-4980-9E61-E2254DF142C6}.RelWithDebInfo|x86.ActiveCfg = Release|Any CPU
		{6B590691-31C0-4367-8CDD-68002C47DF10}.Debug|Any CPU.ActiveCfg = Debug|Any CPU
		{6B590691-31C0-4367-8CDD-68002C47DF10}.Debug|Any CPU.Build.0 = Debug|Any CPU
		{6B590691-31C0-4367-8CDD-68002C47DF10}.Debug|Mixed Platforms.ActiveCfg = Debug|Any CPU
		{6B590691-31C0-4367-8CDD-68002C47DF10}.Debug|Mixed Platforms.Build.0 = Debug|Any CPU
		{6B590691-31C0-4367-8CDD-68002C47DF10}.Debug|Win32.ActiveCfg = Debug|Any CPU
		{6B590691-31C0-4367-8CDD-68002C47DF10}.Debug|x86.ActiveCfg = Debug|Any CPU
		{6B590691-31C0-4367-8CDD-68002C47DF10}.Debug|x86.Build.0 = Debug|Any CPU
		{6B590691-31C0-4367-8CDD-68002C47DF10}.MinSizeRel|Any CPU.ActiveCfg = Release|Any CPU
		{6B590691-31C0-4367-8CDD-68002C47DF10}.MinSizeRel|Any CPU.Build.0 = Release|Any CPU
		{6B590691-31C0-4367-8CDD-68002C47DF10}.MinSizeRel|Mixed Platforms.ActiveCfg = Release|Any CPU
		{6B590691-31C0-4367-8CDD-68002C47DF10}.MinSizeRel|Mixed Platforms.Build.0 = Release|Any CPU
		{6B590691-31C0-4367-8CDD-68002C47DF10}.MinSizeRel|Win32.ActiveCfg = Release|Any CPU
		{6B590691-31C0-4367-8CDD-68002C47DF10}.MinSizeRel|x86.ActiveCfg = Release|Any CPU
		{6B590691-31C0-4367-8CDD-68002C47DF10}.Release|Any CPU.ActiveCfg = Release|Any CPU
		{6B590691-31C0-4367-8CDD-68002C47DF10}.Release|Any CPU.Build.0 = Release|Any CPU
		{6B590691-31C0-4367-8CDD-68002C47DF10}.Release|Mixed Platforms.ActiveCfg = Release|Any CPU
		{6B590691-31C0-4367-8CDD-68002C47DF10}.Release|Mixed Platforms.Build.0 = Release|Any CPU
		{6B590691-31C0-4367-8CDD-68002C47DF10}.Release|Win32.ActiveCfg = Release|Any CPU
		{6B590691-31C0-4367-8CDD-68002C47DF10}.Release|x86.ActiveCfg = Release|Any CPU
		{6B590691-31C0-4367-8CDD-68002C47DF10}.RelWithDebInfo|Any CPU.ActiveCfg = Release|Any CPU
		{6B590691-31C0-4367-8CDD-68002C47DF10}.RelWithDebInfo|Any CPU.Build.0 = Release|Any CPU
		{6B590691-31C0-4367-8CDD-68002C47DF10}.RelWithDebInfo|Mixed Platforms.ActiveCfg = Release|Any CPU
		{6B590691-31C0-4367-8CDD-68002C47DF10}.RelWithDebInfo|Mixed Platforms.Build.0 = Release|Any CPU
		{6B590691-31C0-4367-8CDD-68002C47DF10}.RelWithDebInfo|Win32.ActiveCfg = Release|Any CPU
		{6B590691-31C0-4367-8CDD-68002C47DF10}.RelWithDebInfo|x86.ActiveCfg = Release|Any CPU
	EndGlobalSection
	GlobalSection(SolutionProperties) = preSolution
		HideSolutionNode = FALSE
	EndGlobalSection
	GlobalSection(NestedProjects) = preSolution
		{7448FB95-0E59-467B-8AD5-D2BE5139E622} = {4E7DDB09-7F2F-4153-BC30-ECA6A3E6039A}
		{A3C4F8E8-F068-4D40-8B94-47DCBD6686EF} = {4E7DDB09-7F2F-4153-BC30-ECA6A3E6039A}
		{A862B0C8-E8D1-4369-89EA-D9C855C99C66} = {4E7DDB09-7F2F-4153-BC30-ECA6A3E6039A}
		{0FF8E98C-5502-444D-B853-61D2036F2C49} = {4E7DDB09-7F2F-4153-BC30-ECA6A3E6039A}
		{96AFB8C7-C5B6-4FD0-BC96-87BCD9A6AA58} = {8D1A55CD-6B4E-4958-BBD1-FA5B08FAE880}
		{70328C07-DA4E-425A-8093-0E0476F91AC8} = {96AFB8C7-C5B6-4FD0-BC96-87BCD9A6AA58}
		{107DFB3C-A917-4890-8364-26895E97B48D} = {70328C07-DA4E-425A-8093-0E0476F91AC8}
		{8AC268A1-6389-428B-B545-C5A98A82BB59} = {70328C07-DA4E-425A-8093-0E0476F91AC8}
	EndGlobalSection
	GlobalSection(SubversionScc) = preSolution
		Svn-Managed = True
		Manager = AnkhSVN - Subversion Support for Visual Studio
	EndGlobalSection
EndGlobal
